
Microsoft Visual Studio Solution File, Format Version 12.00
# Visual Studio 15
Project("{FAE04EC0-301F-11D3-BF4B-00C04F79EFBC}") = "Assembly-CSharp", "Assembly-CSharp.csproj", "{ECC57844-46F3-2245-669D-1010EF48613E}"
EndProject
Project("{FAE04EC0-301F-11D3-BF4B-00C04F79EFBC}") = "Assembly-CSharp-firstpass", "Assembly-CSharp-firstpass.csproj", "{3BAA0D81-AA89-825E-00A5-C453A6422AF5}"
EndProject
Project("{FAE04EC0-301F-11D3-BF4B-00C04F79EFBC}") = "Assembly-CSharp-Editor-firstpass", "Assembly-CSharp-Editor-firstpass.csproj", "{8EFC0891-7416-7155-A623-4204ACB78794}"
EndProject
Global
	GlobalSection(SolutionConfigurationPlatforms) = preSolution
		Debug|Any CPU = Debug|Any CPU
		Release|Any CPU = Release|Any CPU
	EndGlobalSection
	GlobalSection(ProjectConfigurationPlatforms) = postSolution
		{ECC57844-46F3-2245-669D-1010EF48613E}.Debug|Any CPU.ActiveCfg = Debug|Any CPU
		{ECC57844-46F3-2245-669D-1010EF48613E}.Debug|Any CPU.Build.0 = Debug|Any CPU
		{ECC57844-46F3-2245-669D-1010EF48613E}.Release|Any CPU.ActiveCfg = Release|Any CPU
		{ECC57844-46F3-2245-669D-1010EF48613E}.Release|Any CPU.Build.0 = Release|Any CPU
		{3BAA0D81-AA89-825E-00A5-C453A6422AF5}.Debug|Any CPU.ActiveCfg = Debug|Any CPU
		{3BAA0D81-AA89-825E-00A5-C453A6422AF5}.Debug|Any CPU.Build.0 = Debug|Any CPU
		{3BAA0D81-AA89-825E-00A5-C453A6422AF5}.Release|Any CPU.ActiveCfg = Release|Any CPU
		{3BAA0D81-AA89-825E-00A5-C453A6422AF5}.Release|Any CPU.Build.0 = Release|Any CPU
		{8EFC0891-7416-7155-A623-4204ACB78794}.Debug|Any CPU.ActiveCfg = Debug|Any CPU
		{8EFC0891-7416-7155-A623-4204ACB78794}.Debug|Any CPU.Build.0 = Debug|Any CPU
		{8EFC0891-7416-7155-A623-4204ACB78794}.Release|Any CPU.ActiveCfg = Release|Any CPU
		{8EFC0891-7416-7155-A623-4204ACB78794}.Release|Any CPU.Build.0 = Release|Any CPU
	EndGlobalSection
	GlobalSection(SolutionProperties) = preSolution
		HideSolutionNode = FALSE
	EndGlobalSection
EndGlobal
