
Microsoft Visual Studio Solution File, Format Version 12.00
# Visual Studio 15
Project("{FAE04EC0-301F-11D3-BF4B-00C04F79EFBC}") = "Assembly-CSharp", "Assembly-CSharp.csproj", "{E5B64035-3A23-A874-95E4-A9B5874DCF69}"
EndProject
Project("{FAE04EC0-301F-11D3-BF4B-00C04F79EFBC}") = "EffekseerEditor", "EffekseerEditor.csproj", "{2C45B365-695A-FFF8-A348-EC24D0F6F762}"
EndProject
Project("{FAE04EC0-301F-11D3-BF4B-00C04F79EFBC}") = "Assembly-CSharp-firstpass", "Assembly-CSharp-firstpass.csproj", "{A304EFEA-E4F5-1276-8CB2-19EB459B9CAE}"
EndProject
Project("{FAE04EC0-301F-11D3-BF4B-00C04F79EFBC}") = "Effekseer", "Effekseer.csproj", "{B23D35AE-874F-4056-10C1-945535072CA1}"
EndProject
Project("{FAE04EC0-301F-11D3-BF4B-00C04F79EFBC}") = "Assembly-CSharp-Editor-firstpass", "Assembly-CSharp-Editor-firstpass.csproj", "{35BA59FF-EC8E-0091-5647-3949EDF9FA92}"
EndProject
Global
	GlobalSection(SolutionConfigurationPlatforms) = preSolution
		Debug|Any CPU = Debug|Any CPU
		Release|Any CPU = Release|Any CPU
	EndGlobalSection
	GlobalSection(ProjectConfigurationPlatforms) = postSolution
		{E5B64035-3A23-A874-95E4-A9B5874DCF69}.Debug|Any CPU.ActiveCfg = Debug|Any CPU
		{E5B64035-3A23-A874-95E4-A9B5874DCF69}.Debug|Any CPU.Build.0 = Debug|Any CPU
		{E5B64035-3A23-A874-95E4-A9B5874DCF69}.Release|Any CPU.ActiveCfg = Release|Any CPU
		{E5B64035-3A23-A874-95E4-A9B5874DCF69}.Release|Any CPU.Build.0 = Release|Any CPU
		{2C45B365-695A-FFF8-A348-EC24D0F6F762}.Debug|Any CPU.ActiveCfg = Debug|Any CPU
		{2C45B365-695A-FFF8-A348-EC24D0F6F762}.Debug|Any CPU.Build.0 = Debug|Any CPU
		{2C45B365-695A-FFF8-A348-EC24D0F6F762}.Release|Any CPU.ActiveCfg = Release|Any CPU
		{2C45B365-695A-FFF8-A348-EC24D0F6F762}.Release|Any CPU.Build.0 = Release|Any CPU
		{A304EFEA-E4F5-1276-8CB2-19EB459B9CAE}.Debug|Any CPU.ActiveCfg = Debug|Any CPU
		{A304EFEA-E4F5-1276-8CB2-19EB459B9CAE}.Debug|Any CPU.Build.0 = Debug|Any CPU
		{A304EFEA-E4F5-1276-8CB2-19EB459B9CAE}.Release|Any CPU.ActiveCfg = Release|Any CPU
		{A304EFEA-E4F5-1276-8CB2-19EB459B9CAE}.Release|Any CPU.Build.0 = Release|Any CPU
		{B23D35AE-874F-4056-10C1-945535072CA1}.Debug|Any CPU.ActiveCfg = Debug|Any CPU
		{B23D35AE-874F-4056-10C1-945535072CA1}.Debug|Any CPU.Build.0 = Debug|Any CPU
		{B23D35AE-874F-4056-10C1-945535072CA1}.Release|Any CPU.ActiveCfg = Release|Any CPU
		{B23D35AE-874F-4056-10C1-945535072CA1}.Release|Any CPU.Build.0 = Release|Any CPU
		{35BA59FF-EC8E-0091-5647-3949EDF9FA92}.Debug|Any CPU.ActiveCfg = Debug|Any CPU
		{35BA59FF-EC8E-0091-5647-3949EDF9FA92}.Debug|Any CPU.Build.0 = Debug|Any CPU
		{35BA59FF-EC8E-0091-5647-3949EDF9FA92}.Release|Any CPU.ActiveCfg = Release|Any CPU
		{35BA59FF-EC8E-0091-5647-3949EDF9FA92}.Release|Any CPU.Build.0 = Release|Any CPU
	EndGlobalSection
	GlobalSection(SolutionProperties) = preSolution
		HideSolutionNode = FALSE
	EndGlobalSection
EndGlobal
