
Microsoft Visual Studio Solution File, Format Version 12.00
# Visual Studio 15
Project("{FAE04EC0-301F-11D3-BF4B-00C04F79EFBC}") = "Assembly-CSharp", "Assembly-CSharp.csproj", "{07CEB135-520B-AC72-9C92-11926C4D2D6F}"
EndProject
Project("{FAE04EC0-301F-11D3-BF4B-00C04F79EFBC}") = "Assembly-CSharp-firstpass", "Assembly-CSharp-firstpass.csproj", "{EA8DFC5B-E6E5-6C15-6FB0-F34C9290FBC3}"
EndProject
Project("{FAE04EC0-301F-11D3-BF4B-00C04F79EFBC}") = "Assembly-CSharp-Editor-firstpass", "Assembly-CSharp-Editor-firstpass.csproj", "{4A666C28-671B-5406-A25F-E32F414882BF}"
EndProject
Global
	GlobalSection(SolutionConfigurationPlatforms) = preSolution
		Debug|Any CPU = Debug|Any CPU
		Release|Any CPU = Release|Any CPU
	EndGlobalSection
	GlobalSection(ProjectConfigurationPlatforms) = postSolution
		{07CEB135-520B-AC72-9C92-11926C4D2D6F}.Debug|Any CPU.ActiveCfg = Debug|Any CPU
		{07CEB135-520B-AC72-9C92-11926C4D2D6F}.Debug|Any CPU.Build.0 = Debug|Any CPU
		{07CEB135-520B-AC72-9C92-11926C4D2D6F}.Release|Any CPU.ActiveCfg = Release|Any CPU
		{07CEB135-520B-AC72-9C92-11926C4D2D6F}.Release|Any CPU.Build.0 = Release|Any CPU
		{EA8DFC5B-E6E5-6C15-6FB0-F34C9290FBC3}.Debug|Any CPU.ActiveCfg = Debug|Any CPU
		{EA8DFC5B-E6E5-6C15-6FB0-F34C9290FBC3}.Debug|Any CPU.Build.0 = Debug|Any CPU
		{EA8DFC5B-E6E5-6C15-6FB0-F34C9290FBC3}.Release|Any CPU.ActiveCfg = Release|Any CPU
		{EA8DFC5B-E6E5-6C15-6FB0-F34C9290FBC3}.Release|Any CPU.Build.0 = Release|Any CPU
		{4A666C28-671B-5406-A25F-E32F414882BF}.Debug|Any CPU.ActiveCfg = Debug|Any CPU
		{4A666C28-671B-5406-A25F-E32F414882BF}.Debug|Any CPU.Build.0 = Debug|Any CPU
		{4A666C28-671B-5406-A25F-E32F414882BF}.Release|Any CPU.ActiveCfg = Release|Any CPU
		{4A666C28-671B-5406-A25F-E32F414882BF}.Release|Any CPU.Build.0 = Release|Any CPU
	EndGlobalSection
	GlobalSection(SolutionProperties) = preSolution
		HideSolutionNode = FALSE
	EndGlobalSection
EndGlobal
